
Microsoft Visual Studio Solution File, Format Version 12.00
# Visual Studio Express 2012 for Windows Desktop
Project("{FAE04EC0-301F-11D3-BF4B-00C04F79EFBC}") = "Main_KeyInput", "Main_KeyInput\Main_KeyInput.csproj", "{50FD0D3D-5520-4777-8B27-11E2336921E2}"
EndProject
Global
	GlobalSection(SolutionConfigurationPlatforms) = preSolution
		Debug|Any CPU = Debug|Any CPU
		Release|Any CPU = Release|Any CPU
	EndGlobalSection
	GlobalSection(ProjectConfigurationPlatforms) = postSolution
		{50FD0D3D-5520-4777-8B27-11E2336921E2}.Debug|Any CPU.ActiveCfg = Debug|Any CPU
		{50FD0D3D-5520-4777-8B27-11E2336921E2}.Debug|Any CPU.Build.0 = Debug|Any CPU
		{50FD0D3D-5520-4777-8B27-11E2336921E2}.Release|Any CPU.ActiveCfg = Release|Any CPU
		{50FD0D3D-5520-4777-8B27-11E2336921E2}.Release|Any CPU.Build.0 = Release|Any CPU
	EndGlobalSection
	GlobalSection(SolutionProperties) = preSolution
		HideSolutionNode = FALSE
	EndGlobalSection
EndGlobal
